{
    "version": 3,
    "terraform_version": "0.11.11",
    "serial": 10,
    "lineage": "3f99d03e-73b6-8ec1-c505-2c4ca1389546",
    "modules": [
        {
            "path": [
                "root"
            ],
            "outputs": {
                "app_external_ip": {
                    "sensitive": false,
                    "type": "list",
                    "value": [
                        "104.199.3.25"
                    ]
                },
                "app_frontend_ip": {
                    "sensitive": false,
                    "type": "string",
                    "value": "35.233.81.239"
                }
            },
            "resources": {
                "google_compute_firewall.firewall_puma": {
                    "type": "google_compute_firewall",
                    "depends_on": [],
                    "primary": {
                        "id": "allow-puma-default",
                        "attributes": {
                            "allow.#": "1",
                            "allow.931060522.ports.#": "1",
                            "allow.931060522.ports.0": "9292",
                            "allow.931060522.protocol": "tcp",
                            "creation_timestamp": "2019-05-06T00:09:48.140-07:00",
                            "deny.#": "0",
                            "description": "",
                            "destination_ranges.#": "0",
                            "direction": "INGRESS",
                            "disabled": "false",
                            "id": "allow-puma-default",
                            "name": "allow-puma-default",
                            "network": "https://www.googleapis.com/compute/v1/projects/docker-239201/global/networks/default",
                            "priority": "1000",
                            "project": "docker-239201",
                            "self_link": "https://www.googleapis.com/compute/v1/projects/docker-239201/global/firewalls/allow-puma-default",
                            "source_ranges.#": "1",
                            "source_ranges.1080289494": "0.0.0.0/0",
                            "source_service_accounts.#": "0",
                            "source_tags.#": "0",
                            "target_service_accounts.#": "0",
                            "target_tags.#": "1",
                            "target_tags.1799682348": "reddit-app"
                        },
                        "meta": {
                            "e2bfb730-ecaa-11e6-8f88-34363bc7c4c0": {
                                "create": 240000000000,
                                "delete": 240000000000,
                                "update": 240000000000
                            },
                            "schema_version": "1"
                        },
                        "tainted": false
                    },
                    "deposed": [],
                    "provider": "provider.google"
                },
                "google_compute_firewall.firewall_ssh": {
                    "type": "google_compute_firewall",
                    "depends_on": [],
                    "primary": {
                        "id": "allow-ssh",
                        "attributes": {
                            "allow.#": "1",
                            "allow.803338340.ports.#": "1",
                            "allow.803338340.ports.0": "22",
                            "allow.803338340.protocol": "tcp",
                            "creation_timestamp": "2019-05-06T00:09:48.253-07:00",
                            "deny.#": "0",
                            "description": "Allow SSH connection from anywhere",
                            "destination_ranges.#": "0",
                            "direction": "INGRESS",
                            "disabled": "false",
                            "id": "allow-ssh",
                            "name": "allow-ssh",
                            "network": "https://www.googleapis.com/compute/v1/projects/docker-239201/global/networks/default",
                            "priority": "1000",
                            "project": "docker-239201",
                            "self_link": "https://www.googleapis.com/compute/v1/projects/docker-239201/global/firewalls/allow-ssh",
                            "source_ranges.#": "1",
                            "source_ranges.1080289494": "0.0.0.0/0",
                            "source_service_accounts.#": "0",
                            "source_tags.#": "0",
                            "target_service_accounts.#": "0",
                            "target_tags.#": "0"
                        },
                        "meta": {
                            "e2bfb730-ecaa-11e6-8f88-34363bc7c4c0": {
                                "create": 240000000000,
                                "delete": 240000000000,
                                "update": 240000000000
                            },
                            "schema_version": "1"
                        },
                        "tainted": false
                    },
                    "deposed": [],
                    "provider": "provider.google"
                },
                "google_compute_forwarding_rule.default": {
                    "type": "google_compute_forwarding_rule",
                    "depends_on": [
                        "google_compute_target_pool.terraform_lb"
                    ],
                    "primary": {
                        "id": "default-rule",
                        "attributes": {
                            "backend_service": "",
                            "creation_timestamp": "2019-05-06T00:10:03.600-07:00",
                            "description": "",
                            "id": "default-rule",
                            "ip_address": "35.233.81.239",
                            "ip_protocol": "TCP",
                            "ip_version": "",
                            "load_balancing_scheme": "EXTERNAL",
                            "name": "default-rule",
                            "network": "",
                            "network_tier": "PREMIUM",
                            "port_range": "9292-9292",
                            "ports.#": "0",
                            "project": "docker-239201",
                            "region": "europe-west1",
                            "self_link": "https://www.googleapis.com/compute/v1/projects/docker-239201/regions/europe-west1/forwardingRules/default-rule",
                            "subnetwork": "",
                            "target": "https://www.googleapis.com/compute/v1/projects/docker-239201/regions/europe-west1/targetPools/terraform-lb"
                        },
                        "meta": {
                            "e2bfb730-ecaa-11e6-8f88-34363bc7c4c0": {
                                "create": 240000000000,
                                "delete": 240000000000,
                                "update": 240000000000
                            }
                        },
                        "tainted": false
                    },
                    "deposed": [],
                    "provider": "provider.google"
                },
                "google_compute_http_health_check.puma_port": {
                    "type": "google_compute_http_health_check",
                    "depends_on": [],
                    "primary": {
                        "id": "puma-port",
                        "attributes": {
                            "check_interval_sec": "5",
                            "creation_timestamp": "2019-05-06T00:09:48.161-07:00",
                            "description": "",
                            "healthy_threshold": "2",
                            "host": "",
                            "id": "puma-port",
                            "name": "puma-port",
                            "port": "9292",
                            "project": "docker-239201",
                            "request_path": "/",
                            "self_link": "https://www.googleapis.com/compute/v1/projects/docker-239201/global/httpHealthChecks/puma-port",
                            "timeout_sec": "5",
                            "unhealthy_threshold": "2"
                        },
                        "meta": {
                            "e2bfb730-ecaa-11e6-8f88-34363bc7c4c0": {
                                "create": 240000000000,
                                "delete": 240000000000,
                                "update": 240000000000
                            }
                        },
                        "tainted": false
                    },
                    "deposed": [],
                    "provider": "provider.google"
                },
                "google_compute_instance.app": {
                    "type": "google_compute_instance",
                    "depends_on": [],
                    "primary": {
                        "id": "reddit-app-0",
                        "attributes": {
                            "attached_disk.#": "0",
                            "boot_disk.#": "1",
                            "boot_disk.0.auto_delete": "true",
                            "boot_disk.0.device_name": "persistent-disk-0",
                            "boot_disk.0.disk_encryption_key_raw": "",
                            "boot_disk.0.disk_encryption_key_sha256": "",
                            "boot_disk.0.initialize_params.#": "1",
                            "boot_disk.0.initialize_params.0.image": "https://www.googleapis.com/compute/v1/projects/ubuntu-os-cloud/global/images/ubuntu-1604-xenial-v20190430",
                            "boot_disk.0.initialize_params.0.size": "10",
                            "boot_disk.0.initialize_params.0.type": "pd-standard",
                            "boot_disk.0.source": "https://www.googleapis.com/compute/v1/projects/docker-239201/zones/europe-west1-d/disks/reddit-app-0",
                            "can_ip_forward": "false",
                            "cpu_platform": "Intel Haswell",
                            "deletion_protection": "false",
                            "guest_accelerator.#": "0",
                            "hostname": "",
                            "id": "reddit-app-0",
                            "instance_id": "6812062714851124050",
                            "label_fingerprint": "42WmSpB8rSM=",
                            "labels.%": "0",
                            "machine_type": "f1-micro",
                            "metadata.%": "1",
                            "metadata.ssh-keys": "appuser:ssh-rsa AAAAB3NzaC1yc2EAAAADAQABAAABAQDfh2FsOm1XNhcQsM7g6SYiAo95CX8rzvpRrj9qG0+qMqV9caEbp9fwURQR4/bSjJtg5NoHi7BvQ0mj4HtdXCFv7xgjdyFVIbBYt+F+ZXrQfjVgsNd9xgyOID5sFFnGATrR2yFwa6bMj5ctjRwzj25JyhJAx+XbHSleqT45WXSVopmi3SwwuInPtpxfj6WrDZzu0nKmPelYIZaxrJCHA5FHXjHLtrAf9aF2M+Rz/ljnErfS0goY0mXZuNVWWUU+sBPZbQmgK3yEncGi2B4k/IwJ6ErrcIEif3r9hiu/ipfkN4m602UToLKeXR3fYbb5ERhgreJppBOXSmYs3Jn04GYr appuser\n",
                            "metadata_fingerprint": "D2IX2vqzQN0=",
                            "metadata_startup_script": "",
                            "min_cpu_platform": "",
                            "name": "reddit-app-0",
                            "network_interface.#": "1",
                            "network_interface.0.access_config.#": "1",
                            "network_interface.0.access_config.0.assigned_nat_ip": "",
                            "network_interface.0.access_config.0.nat_ip": "104.199.3.25",
                            "network_interface.0.access_config.0.network_tier": "PREMIUM",
                            "network_interface.0.access_config.0.public_ptr_domain_name": "",
                            "network_interface.0.address": "",
                            "network_interface.0.alias_ip_range.#": "0",
                            "network_interface.0.name": "nic0",
                            "network_interface.0.network": "https://www.googleapis.com/compute/v1/projects/docker-239201/global/networks/default",
                            "network_interface.0.network_ip": "10.132.0.8",
                            "network_interface.0.subnetwork": "https://www.googleapis.com/compute/v1/projects/docker-239201/regions/europe-west1/subnetworks/default",
                            "network_interface.0.subnetwork_project": "docker-239201",
                            "project": "docker-239201",
                            "scheduling.#": "1",
                            "scheduling.0.automatic_restart": "true",
                            "scheduling.0.on_host_maintenance": "MIGRATE",
                            "scheduling.0.preemptible": "false",
                            "scratch_disk.#": "0",
                            "self_link": "https://www.googleapis.com/compute/v1/projects/docker-239201/zones/europe-west1-d/instances/reddit-app-0",
                            "service_account.#": "0",
                            "tags.#": "1",
                            "tags.1799682348": "reddit-app",
                            "tags_fingerprint": "M-ggixIz-AU=",
                            "zone": "europe-west1-d"
                        },
                        "meta": {
                            "e2bfb730-ecaa-11e6-8f88-34363bc7c4c0": {
                                "create": 360000000000,
                                "delete": 360000000000,
                                "update": 360000000000
                            },
                            "schema_version": "6"
                        },
                        "tainted": false
                    },
                    "deposed": [],
                    "provider": "provider.google"
                },
                "google_compute_target_pool.terraform_lb": {
                    "type": "google_compute_target_pool",
                    "depends_on": [
                        "google_compute_http_health_check.puma_port",
                        "google_compute_instance.app.*"
                    ],
                    "primary": {
                        "id": "terraform-lb",
                        "attributes": {
                            "backup_pool": "",
                            "description": "",
                            "failover_ratio": "0",
                            "health_checks.#": "1",
                            "health_checks.0": "https://www.googleapis.com/compute/v1/projects/docker-239201/global/httpHealthChecks/puma-port",
                            "id": "terraform-lb",
                            "instances.#": "1",
                            "instances.1273069112": "europe-west1-d/reddit-app-0",
                            "name": "terraform-lb",
                            "project": "docker-239201",
                            "region": "europe-west1",
                            "self_link": "https://www.googleapis.com/compute/v1/projects/docker-239201/regions/europe-west1/targetPools/terraform-lb",
                            "session_affinity": "NONE"
                        },
                        "meta": {},
                        "tainted": false
                    },
                    "deposed": [],
                    "provider": "provider.google"
                }
            },
            "depends_on": []
        }
    ]
}
